
Microsoft Visual Studio Solution File, Format Version 12.00
# Visual Studio Version 16
VisualStudioVersion = 16.0.30114.105
MinimumVisualStudioVersion = 10.0.40219.1
Project("{9A19103F-16F7-4668-BE54-9A1E7A4F7556}") = "MonsterSlayersAPI", "MonsterSlayersAPI\MonsterSlayersAPI.csproj", "{378A4BD1-BE8E-44F4-AA07-3BA5D207666E}"
EndProject
Project("{9A19103F-16F7-4668-BE54-9A1E7A4F7556}") = "MonsterSlayersAPI.Tests", "MonsterSlayersAPI.Tests\MonsterSlayersAPI.Tests.csproj", "{02B25F2E-521F-4B5B-A14A-A08846724134}"
EndProject
Project("{FAE04EC0-301F-11D3-BF4B-00C04F79EFBC}") = "MonsterSlayersAPI.SharedDefinitions", "MonsterSlayersAPI.SharedDefinitions\MonsterSlayersAPI.SharedDefinitions.csproj", "{6F16A3EF-4E7B-4F09-80F3-65DE32885674}"
EndProject
Global
	GlobalSection(SolutionConfigurationPlatforms) = preSolution
		Debug|Any CPU = Debug|Any CPU
		Release|Any CPU = Release|Any CPU
	EndGlobalSection
	GlobalSection(ProjectConfigurationPlatforms) = postSolution
		{378A4BD1-BE8E-44F4-AA07-3BA5D207666E}.Debug|Any CPU.ActiveCfg = Debug|Any CPU
		{378A4BD1-BE8E-44F4-AA07-3BA5D207666E}.Debug|Any CPU.Build.0 = Debug|Any CPU
		{378A4BD1-BE8E-44F4-AA07-3BA5D207666E}.Release|Any CPU.ActiveCfg = Release|Any CPU
		{378A4BD1-BE8E-44F4-AA07-3BA5D207666E}.Release|Any CPU.Build.0 = Release|Any CPU
		{02B25F2E-521F-4B5B-A14A-A08846724134}.Debug|Any CPU.ActiveCfg = Debug|Any CPU
		{02B25F2E-521F-4B5B-A14A-A08846724134}.Debug|Any CPU.Build.0 = Debug|Any CPU
		{02B25F2E-521F-4B5B-A14A-A08846724134}.Release|Any CPU.ActiveCfg = Release|Any CPU
		{02B25F2E-521F-4B5B-A14A-A08846724134}.Release|Any CPU.Build.0 = Release|Any CPU
		{6F16A3EF-4E7B-4F09-80F3-65DE32885674}.Debug|Any CPU.ActiveCfg = Debug|Any CPU
		{6F16A3EF-4E7B-4F09-80F3-65DE32885674}.Debug|Any CPU.Build.0 = Debug|Any CPU
		{6F16A3EF-4E7B-4F09-80F3-65DE32885674}.Release|Any CPU.ActiveCfg = Release|Any CPU
		{6F16A3EF-4E7B-4F09-80F3-65DE32885674}.Release|Any CPU.Build.0 = Release|Any CPU
	EndGlobalSection
	GlobalSection(SolutionProperties) = preSolution
		HideSolutionNode = FALSE
	EndGlobalSection
	GlobalSection(ExtensibilityGlobals) = postSolution
		SolutionGuid = {54EBC7E9-D167-41E2-8538-C40A22EED830}
	EndGlobalSection
EndGlobal
